
Microsoft Visual Studio Solution File, Format Version 12.00
# Visual Studio 2012
Project("{FAE04EC0-301F-11D3-BF4B-00C04F79EFBC}") = "admin_app", "admin_app\admin_app.csproj", "{AA8E8CF5-2D82-43CB-8A99-600C76356352}"
EndProject
Project("{FAE04EC0-301F-11D3-BF4B-00C04F79EFBC}") = "ClassLibrary1", "ClassLibrary1\ClassLibrary1.csproj", "{46F4CB5F-4F8C-4A5D-8098-5F6B32AD98C6}"
EndProject
Global
	GlobalSection(SolutionConfigurationPlatforms) = preSolution
		Debug|Any CPU = Debug|Any CPU
		Release|Any CPU = Release|Any CPU
	EndGlobalSection
	GlobalSection(ProjectConfigurationPlatforms) = postSolution
		{AA8E8CF5-2D82-43CB-8A99-600C76356352}.Debug|Any CPU.ActiveCfg = Debug|Any CPU
		{AA8E8CF5-2D82-43CB-8A99-600C76356352}.Debug|Any CPU.Build.0 = Debug|Any CPU
		{AA8E8CF5-2D82-43CB-8A99-600C76356352}.Release|Any CPU.ActiveCfg = Release|Any CPU
		{AA8E8CF5-2D82-43CB-8A99-600C76356352}.Release|Any CPU.Build.0 = Release|Any CPU
		{46F4CB5F-4F8C-4A5D-8098-5F6B32AD98C6}.Debug|Any CPU.ActiveCfg = Debug|Any CPU
		{46F4CB5F-4F8C-4A5D-8098-5F6B32AD98C6}.Debug|Any CPU.Build.0 = Debug|Any CPU
		{46F4CB5F-4F8C-4A5D-8098-5F6B32AD98C6}.Release|Any CPU.ActiveCfg = Release|Any CPU
		{46F4CB5F-4F8C-4A5D-8098-5F6B32AD98C6}.Release|Any CPU.Build.0 = Release|Any CPU
	EndGlobalSection
	GlobalSection(SolutionProperties) = preSolution
		HideSolutionNode = FALSE
	EndGlobalSection
EndGlobal
